{
  "version": 4,
  "terraform_version": "0.12.24",
  "serial": 51,
  "lineage": "e902b8c9-5771-9f8d-eae8-4faa156c9d6e",
  "outputs": {},
  "resources": [
    {
      "mode": "data",
      "type": "aws_internet_gateway",
      "name": "default-gw",
      "provider": "provider.aws",
      "instances": [
        {
          "schema_version": 0,
          "attributes": {
            "attachments": [
              {
                "state": "available",
                "vpc_id": "vpc-07e47e9d90d2076da"
              }
            ],
            "filter": [
              {
                "name": "attachment.vpc-id",
                "values": [
                  "vpc-07e47e9d90d2076da"
                ]
              }
            ],
            "id": "igw-06e7af22039dabe62",
            "internet_gateway_id": "igw-06e7af22039dabe62",
            "owner_id": "135928476890",
            "tags": {}
          }
        }
      ]
    },
    {
      "module": "module.app",
      "mode": "data",
      "type": "template_file",
      "name": "app_init",
      "provider": "provider.template",
      "instances": [
        {
          "schema_version": 0,
          "attributes": {
            "filename": null,
            "id": "0958cc56c14dcb1a60343cb3b26264d1563d6cfe4023d2fe62edca92d154ff6a",
            "rendered": "#!/bin/bash\n\ncd /home/ubuntu/app\npm2 start app.js\n",
            "template": "#!/bin/bash\n\ncd /home/ubuntu/app\npm2 start app.js\n",
            "vars": null
          }
        }
      ]
    },
    {
      "module": "module.app",
      "mode": "managed",
      "type": "aws_instance",
      "name": "app_instance",
      "provider": "provider.aws",
      "instances": []
    },
    {
      "module": "module.app",
      "mode": "managed",
      "type": "aws_route_table",
      "name": "public",
      "provider": "provider.aws",
      "instances": [
        {
          "status": "tainted",
          "schema_version": 0,
          "attributes": {
            "id": "rtb-0f84bedde232c479a",
            "owner_id": null,
            "propagating_vgws": [],
            "route": [
              {
                "cidr_block": "0.0.0.0/0",
                "egress_only_gateway_id": "",
                "gateway_id": "data.aws_internet_gateway.default-gw.id",
                "instance_id": "",
                "ipv6_cidr_block": "",
                "nat_gateway_id": "",
                "network_interface_id": "",
                "transit_gateway_id": "",
                "vpc_peering_connection_id": ""
              }
            ],
            "tags": {
              "Name": "eng54-James-app-tf-public"
            },
            "vpc_id": "vpc-07e47e9d90d2076da"
          },
          "private": "bnVsbA=="
        }
      ]
    },
    {
      "module": "module.app",
      "mode": "managed",
      "type": "aws_route_table_association",
      "name": "assoc",
      "provider": "provider.aws",
      "instances": []
    }
  ]
}
